
Microsoft Visual Studio Solution File, Format Version 12.00
# Visual Studio Version 17
VisualStudioVersion = 17.0.31903.59
MinimumVisualStudioVersion = 10.0.40219.1
Project("{2150E333-8FDC-42A3-9474-1A3956D46DE8}") = "src", "src", "{AF82F469-046A-4140-96D1-7179821EF440}"
EndProject
Project("{2150E333-8FDC-42A3-9474-1A3956D46DE8}") = "Core", "Core", "{19B81100-9249-4E3F-B36C-60F80080A912}"
EndProject
Project("{FAE04EC0-301F-11D3-BF4B-00C04F79EFBC}") = "Vivendi.Core", "src\Core\src\Vivendi.Core.csproj", "{59460A6C-6D64-4FCA-A23D-E77E8A104D19}"
EndProject
Project("{FAE04EC0-301F-11D3-BF4B-00C04F79EFBC}") = "Vivendi.Core.Testing", "src\Core\test\Vivendi.Core.Testing.csproj", "{24F52F66-84C1-4AD6-B9DF-45C8F991E31E}"
EndProject
Project("{2150E333-8FDC-42A3-9474-1A3956D46DE8}") = "Domain", "Domain", "{00933A45-11A4-4A7B-A200-3E89EB5423B9}"
EndProject
Project("{FAE04EC0-301F-11D3-BF4B-00C04F79EFBC}") = "Vivendi.Domain", "src\Domain\src\Vivendi.Domain.csproj", "{528AF00E-E934-419D-9010-FF595994C934}"
EndProject
Project("{FAE04EC0-301F-11D3-BF4B-00C04F79EFBC}") = "Vivendi.Domain.Testing", "src\Domain\test\Vivendi.Domain.Testing.csproj", "{57E748EA-7E6C-4D12-8755-1F29FE0F1EF3}"
EndProject
Project("{2150E333-8FDC-42A3-9474-1A3956D46DE8}") = "Infrastructure", "Infrastructure", "{24EEB153-F98A-4663-8944-48F9BB7AB39A}"
EndProject
Project("{FAE04EC0-301F-11D3-BF4B-00C04F79EFBC}") = "Vivendi.Infrastructure", "src\Infrastructure\src\Vivendi.Infrastructure.csproj", "{62799940-AF84-49CC-B8C7-56526393C022}"
EndProject
Project("{FAE04EC0-301F-11D3-BF4B-00C04F79EFBC}") = "Vivendi.Infrastructure.Testing", "src\Infrastructure\test\Vivendi.Infrastructure.Testing.csproj", "{1448B117-C140-496F-B42A-163CFF10373A}"
EndProject
Project("{2150E333-8FDC-42A3-9474-1A3956D46DE8}") = "UI", "UI", "{8D8EB79D-2353-425D-9C04-C1803C8C0AAF}"
EndProject
Project("{FAE04EC0-301F-11D3-BF4B-00C04F79EFBC}") = "Vivendi.UI", "src\UI\src\Vivendi.UI.csproj", "{7677E6D7-483D-47DA-8590-17E2FB1B2C42}"
EndProject
Project("{FAE04EC0-301F-11D3-BF4B-00C04F79EFBC}") = "Vivendi.UI.Testing", "src\UI\test\Vivendi.UI.Testing.csproj", "{DEEF82B5-3780-4D67-A6D0-B4E554AC7E97}"
EndProject
Project("{FAE04EC0-301F-11D3-BF4B-00C04F79EFBC}") = "Vivendi.Testing", "test\Vivendi.Testing.csproj", "{A78141D9-49C9-45A7-B3B5-D83C37E7BB81}"
EndProject
Global
	GlobalSection(SolutionConfigurationPlatforms) = preSolution
		Debug|Any CPU = Debug|Any CPU
		Release|Any CPU = Release|Any CPU
	EndGlobalSection
	GlobalSection(SolutionProperties) = preSolution
		HideSolutionNode = FALSE
	EndGlobalSection
	GlobalSection(ProjectConfigurationPlatforms) = postSolution
		{59460A6C-6D64-4FCA-A23D-E77E8A104D19}.Debug|Any CPU.ActiveCfg = Debug|Any CPU
		{59460A6C-6D64-4FCA-A23D-E77E8A104D19}.Debug|Any CPU.Build.0 = Debug|Any CPU
		{59460A6C-6D64-4FCA-A23D-E77E8A104D19}.Release|Any CPU.ActiveCfg = Release|Any CPU
		{59460A6C-6D64-4FCA-A23D-E77E8A104D19}.Release|Any CPU.Build.0 = Release|Any CPU
		{24F52F66-84C1-4AD6-B9DF-45C8F991E31E}.Debug|Any CPU.ActiveCfg = Debug|Any CPU
		{24F52F66-84C1-4AD6-B9DF-45C8F991E31E}.Debug|Any CPU.Build.0 = Debug|Any CPU
		{24F52F66-84C1-4AD6-B9DF-45C8F991E31E}.Release|Any CPU.ActiveCfg = Release|Any CPU
		{24F52F66-84C1-4AD6-B9DF-45C8F991E31E}.Release|Any CPU.Build.0 = Release|Any CPU
		{528AF00E-E934-419D-9010-FF595994C934}.Debug|Any CPU.ActiveCfg = Debug|Any CPU
		{528AF00E-E934-419D-9010-FF595994C934}.Debug|Any CPU.Build.0 = Debug|Any CPU
		{528AF00E-E934-419D-9010-FF595994C934}.Release|Any CPU.ActiveCfg = Release|Any CPU
		{528AF00E-E934-419D-9010-FF595994C934}.Release|Any CPU.Build.0 = Release|Any CPU
		{57E748EA-7E6C-4D12-8755-1F29FE0F1EF3}.Debug|Any CPU.ActiveCfg = Debug|Any CPU
		{57E748EA-7E6C-4D12-8755-1F29FE0F1EF3}.Debug|Any CPU.Build.0 = Debug|Any CPU
		{57E748EA-7E6C-4D12-8755-1F29FE0F1EF3}.Release|Any CPU.ActiveCfg = Release|Any CPU
		{57E748EA-7E6C-4D12-8755-1F29FE0F1EF3}.Release|Any CPU.Build.0 = Release|Any CPU
		{62799940-AF84-49CC-B8C7-56526393C022}.Debug|Any CPU.ActiveCfg = Debug|Any CPU
		{62799940-AF84-49CC-B8C7-56526393C022}.Debug|Any CPU.Build.0 = Debug|Any CPU
		{62799940-AF84-49CC-B8C7-56526393C022}.Release|Any CPU.ActiveCfg = Release|Any CPU
		{62799940-AF84-49CC-B8C7-56526393C022}.Release|Any CPU.Build.0 = Release|Any CPU
		{1448B117-C140-496F-B42A-163CFF10373A}.Debug|Any CPU.ActiveCfg = Debug|Any CPU
		{1448B117-C140-496F-B42A-163CFF10373A}.Debug|Any CPU.Build.0 = Debug|Any CPU
		{1448B117-C140-496F-B42A-163CFF10373A}.Release|Any CPU.ActiveCfg = Release|Any CPU
		{1448B117-C140-496F-B42A-163CFF10373A}.Release|Any CPU.Build.0 = Release|Any CPU
		{7677E6D7-483D-47DA-8590-17E2FB1B2C42}.Debug|Any CPU.ActiveCfg = Debug|Any CPU
		{7677E6D7-483D-47DA-8590-17E2FB1B2C42}.Debug|Any CPU.Build.0 = Debug|Any CPU
		{7677E6D7-483D-47DA-8590-17E2FB1B2C42}.Release|Any CPU.ActiveCfg = Release|Any CPU
		{7677E6D7-483D-47DA-8590-17E2FB1B2C42}.Release|Any CPU.Build.0 = Release|Any CPU
		{DEEF82B5-3780-4D67-A6D0-B4E554AC7E97}.Debug|Any CPU.ActiveCfg = Debug|Any CPU
		{DEEF82B5-3780-4D67-A6D0-B4E554AC7E97}.Debug|Any CPU.Build.0 = Debug|Any CPU
		{DEEF82B5-3780-4D67-A6D0-B4E554AC7E97}.Release|Any CPU.ActiveCfg = Release|Any CPU
		{DEEF82B5-3780-4D67-A6D0-B4E554AC7E97}.Release|Any CPU.Build.0 = Release|Any CPU
		{A78141D9-49C9-45A7-B3B5-D83C37E7BB81}.Debug|Any CPU.ActiveCfg = Debug|Any CPU
		{A78141D9-49C9-45A7-B3B5-D83C37E7BB81}.Debug|Any CPU.Build.0 = Debug|Any CPU
		{A78141D9-49C9-45A7-B3B5-D83C37E7BB81}.Release|Any CPU.ActiveCfg = Release|Any CPU
		{A78141D9-49C9-45A7-B3B5-D83C37E7BB81}.Release|Any CPU.Build.0 = Release|Any CPU
	EndGlobalSection
	GlobalSection(NestedProjects) = preSolution
		{19B81100-9249-4E3F-B36C-60F80080A912} = {AF82F469-046A-4140-96D1-7179821EF440}
		{59460A6C-6D64-4FCA-A23D-E77E8A104D19} = {19B81100-9249-4E3F-B36C-60F80080A912}
		{24F52F66-84C1-4AD6-B9DF-45C8F991E31E} = {19B81100-9249-4E3F-B36C-60F80080A912}
		{00933A45-11A4-4A7B-A200-3E89EB5423B9} = {AF82F469-046A-4140-96D1-7179821EF440}
		{528AF00E-E934-419D-9010-FF595994C934} = {00933A45-11A4-4A7B-A200-3E89EB5423B9}
		{57E748EA-7E6C-4D12-8755-1F29FE0F1EF3} = {00933A45-11A4-4A7B-A200-3E89EB5423B9}
		{24EEB153-F98A-4663-8944-48F9BB7AB39A} = {AF82F469-046A-4140-96D1-7179821EF440}
		{62799940-AF84-49CC-B8C7-56526393C022} = {24EEB153-F98A-4663-8944-48F9BB7AB39A}
		{1448B117-C140-496F-B42A-163CFF10373A} = {24EEB153-F98A-4663-8944-48F9BB7AB39A}
		{8D8EB79D-2353-425D-9C04-C1803C8C0AAF} = {AF82F469-046A-4140-96D1-7179821EF440}
		{7677E6D7-483D-47DA-8590-17E2FB1B2C42} = {8D8EB79D-2353-425D-9C04-C1803C8C0AAF}
		{DEEF82B5-3780-4D67-A6D0-B4E554AC7E97} = {8D8EB79D-2353-425D-9C04-C1803C8C0AAF}
	EndGlobalSection
EndGlobal
